
Microsoft Visual Studio Solution File, Format Version 12.00
# Visual Studio Version 17
VisualStudioVersion = 17.9.34701.34
MinimumVisualStudioVersion = 10.0.40219.1
Project("{FAE04EC0-301F-11D3-BF4B-00C04F79EFBC}") = "502 Assessment 2", "502 Assessment 2\502 Assessment 2.csproj", "{629A7B6E-2D70-4D59-BB52-8A4D9192F9E4}"
EndProject
Global
	GlobalSection(SolutionConfigurationPlatforms) = preSolution
		Debug|Any CPU = Debug|Any CPU
		Release|Any CPU = Release|Any CPU
	EndGlobalSection
	GlobalSection(ProjectConfigurationPlatforms) = postSolution
		{629A7B6E-2D70-4D59-BB52-8A4D9192F9E4}.Debug|Any CPU.ActiveCfg = Debug|Any CPU
		{629A7B6E-2D70-4D59-BB52-8A4D9192F9E4}.Debug|Any CPU.Build.0 = Debug|Any CPU
		{629A7B6E-2D70-4D59-BB52-8A4D9192F9E4}.Release|Any CPU.ActiveCfg = Release|Any CPU
		{629A7B6E-2D70-4D59-BB52-8A4D9192F9E4}.Release|Any CPU.Build.0 = Release|Any CPU
	EndGlobalSection
	GlobalSection(SolutionProperties) = preSolution
		HideSolutionNode = FALSE
	EndGlobalSection
	GlobalSection(ExtensibilityGlobals) = postSolution
		SolutionGuid = {D4E215DF-851E-40B3-B27F-ABF98C04D840}
	EndGlobalSection
EndGlobal
